dependencies:
- name: ingress-nginx
  repository: http://roboll.io/charts
  version: 0.1.0
- name: ingress-dns-manager
  repository: http://roboll.io/charts
  version: 0.1.0
digest: sha256:e05e25415c6600e3005d0f25cdf8dabd7ca728fe9799401cabddc10044cf78dc
generated: 2016-11-18T20:34:32.61465161-05:00
