dependencies:
- name: ingress-nginx-public
  repository: http://roboll.io/charts
  version: 0.1.0
- name: ingress-nginx-private
  repository: http://roboll.io/charts
  version: 0.1.0
- name: acme-cert-manager
  repository: http://roboll.io/charts
  version: 0.1.0
digest: sha256:664b5c5514601738df0941e77025c9d9ec152e1c3552249404461178d0d59fdd
generated: 2016-11-18T20:44:10.86198353-05:00
