dependencies:
- name: ingress-nginx
  repository: http://roboll.io/charts
  version: 0.1.0
- name: ingress-nginx-private
  repository: http://roboll.io/charts
  version: 0.1.0
- name: ingress-dns-manager
  repository: http://roboll.io/charts
  version: 0.1.0
- name: acme-cert-manager
  repository: http://roboll.io/charts
  version: 0.1.0
digest: sha256:b21bfd3e04c1a8a5342d0449209143f7b9d9fd4443f6fdb46184d844bb623847
generated: 2016-11-18T19:02:53.551770116-05:00
