dependencies:
- name: cluster-addons
  repository: http://roboll.io/charts
  version: 0.1.0
- name: cluster-logging
  repository: http://roboll.io/charts
  version: 0.1.0
- name: cluster-metrics
  repository: http://roboll.io/charts
  version: 0.1.0
- name: cluster-ingress
  repository: http://roboll.io/charts
  version: 0.1.0
digest: sha256:18fcee1d0b08f66b3171ddfbbb01a69fcf9f67a1514113b31285c157d3dfd83d
generated: 2016-11-20T16:58:48.836749952-05:00
