dependencies:
- name: prometheus
  repository: http://roboll.io/charts
  version: 0.1.0
- name: alertmanager
  repository: http://roboll.io/charts
  version: 0.1.0
- name: grafana
  repository: http://roboll.io/charts
  version: 0.1.0
digest: sha256:9970f2f3ca41cbe759267217d0546bb891af453b7edcf2ca51acfe2c16673fb6
generated: 2016-11-14T17:16:08.284217367-05:00
