dependencies:
- name: elasticsearch
  repository: http://roboll.io/charts
  version: 0.14.0
- name: fluentd
  repository: http://roboll.io/charts
  version: 0.8.0
- name: kibana
  repository: http://roboll.io/charts
  version: 0.4.0
digest: sha256:23c4b587f04c64ac01e443bedb030d4fa62eacf4a9cc2e40a33b79c257f6dc35
generated: 2016-11-13T18:44:13.124251682-05:00
