dependencies:
- name: elasticsearch
  repository: http://roboll.io/charts
  version: 0.12.0
- name: fluentd
  repository: http://roboll.io/charts
  version: 0.6.0
- name: kibana
  repository: http://roboll.io/charts
  version: 0.3.0
digest: sha256:f7c3f9cb2b64b59826edd70cb41d1562dbf6cfe2875c06827f1812a619df2471
generated: 2016-11-13T16:31:00.5710614-05:00
